// !$*UTF8*$!
{
	archiveVersion = 1;
	classes = {
	};
	objectVersion = 46;
	objects = {

/* Begin PBXBuildFile section */
		9E1FE9F61E02DDE3009EE507 /* AppDelegate.swift in Sources */ = {isa = PBXBuildFile; fileRef = 9E1FE9F51E02DDE3009EE507 /* AppDelegate.swift */; };
		9E1FE9F81E02DDE3009EE507 /* MemeEditorViewController.swift in Sources */ = {isa = PBXBuildFile; fileRef = 9E1FE9F71E02DDE3009EE507 /* MemeEditorViewController.swift */; };
		9E1FE9FB1E02DDE3009EE507 /* Main.storyboard in Resources */ = {isa = PBXBuildFile; fileRef = 9E1FE9F91E02DDE3009EE507 /* Main.storyboard */; };
		9E1FE9FD1E02DDE3009EE507 /* Assets.xcassets in Resources */ = {isa = PBXBuildFile; fileRef = 9E1FE9FC1E02DDE3009EE507 /* Assets.xcassets */; };
		9E1FEA001E02DDE3009EE507 /* LaunchScreen.storyboard in Resources */ = {isa = PBXBuildFile; fileRef = 9E1FE9FE1E02DDE3009EE507 /* LaunchScreen.storyboard */; };
		9E1FEA081E0BAE46009EE507 /* MeMe.swift in Sources */ = {isa = PBXBuildFile; fileRef = 9E1FEA071E0BAE46009EE507 /* MeMe.swift */; };
		9E97BB361E4A0F4C0030A9F7 /* MemeListViewController.swift in Sources */ = {isa = PBXBuildFile; fileRef = 9E97BB351E4A0F4C0030A9F7 /* MemeListViewController.swift */; };
		9E97BB381E4A0F5C0030A9F7 /* MemeCollectionViewController.swift in Sources */ = {isa = PBXBuildFile; fileRef = 9E97BB371E4A0F5C0030A9F7 /* MemeCollectionViewController.swift */; };
		9E97BB3C1E4A24690030A9F7 /* NavigationViewController.swift in Sources */ = {isa = PBXBuildFile; fileRef = 9E97BB3B1E4A24690030A9F7 /* NavigationViewController.swift */; };
		9E97BB3E1E4B217C0030A9F7 /* MemesCollectionViewCell.swift in Sources */ = {isa = PBXBuildFile; fileRef = 9E97BB3D1E4B217C0030A9F7 /* MemesCollectionViewCell.swift */; };
		9E97BB421E4B7B6A0030A9F7 /* DetailedMemeViewController.swift in Sources */ = {isa = PBXBuildFile; fileRef = 9E97BB411E4B7B6A0030A9F7 /* DetailedMemeViewController.swift */; };
/* End PBXBuildFile section */

/* Begin PBXFileReference section */
		9E1FE9F21E02DDE3009EE507 /* MeMe.app */ = {isa = PBXFileReference; explicitFileType = wrapper.application; includeInIndex = 0; path = MeMe.app; sourceTree = BUILT_PRODUCTS_DIR; };
		9E1FE9F51E02DDE3009EE507 /* AppDelegate.swift */ = {isa = PBXFileReference; lastKnownFileType = sourcecode.swift; path = AppDelegate.swift; sourceTree = "<group>"; };
		9E1FE9F71E02DDE3009EE507 /* MemeEditorViewController.swift */ = {isa = PBXFileReference; lastKnownFileType = sourcecode.swift; path = MemeEditorViewController.swift; sourceTree = "<group>"; };
		9E1FE9FA1E02DDE3009EE507 /* Base */ = {isa = PBXFileReference; lastKnownFileType = file.storyboard; name = Base; path = Base.lproj/Main.storyboard; sourceTree = "<group>"; };
		9E1FE9FC1E02DDE3009EE507 /* Assets.xcassets */ = {isa = PBXFileReference; lastKnownFileType = folder.assetcatalog; path = Assets.xcassets; sourceTree = "<group>"; };
		9E1FE9FF1E02DDE3009EE507 /* Base */ = {isa = PBXFileReference; lastKnownFileType = file.storyboard; name = Base; path = Base.lproj/LaunchScreen.storyboard; sourceTree = "<group>"; };
		9E1FEA011E02DDE3009EE507 /* Info.plist */ = {isa = PBXFileReference; lastKnownFileType = text.plist.xml; path = Info.plist; sourceTree = "<group>"; };
		9E1FEA071E0BAE46009EE507 /* MeMe.swift */ = {isa = PBXFileReference; fileEncoding = 4; lastKnownFileType = sourcecode.swift; path = MeMe.swift; sourceTree = "<group>"; };
		9E97BB351E4A0F4C0030A9F7 /* MemeListViewController.swift */ = {isa = PBXFileReference; fileEncoding = 4; lastKnownFileType = sourcecode.swift; path = MemeListViewController.swift; sourceTree = "<group>"; };
		9E97BB371E4A0F5C0030A9F7 /* MemeCollectionViewController.swift */ = {isa = PBXFileReference; fileEncoding = 4; lastKnownFileType = sourcecode.swift; path = MemeCollectionViewController.swift; sourceTree = "<group>"; };
		9E97BB3B1E4A24690030A9F7 /* NavigationViewController.swift */ = {isa = PBXFileReference; fileEncoding = 4; lastKnownFileType = sourcecode.swift; path = NavigationViewController.swift; sourceTree = "<group>"; };
		9E97BB3D1E4B217C0030A9F7 /* MemesCollectionViewCell.swift */ = {isa = PBXFileReference; fileEncoding = 4; lastKnownFileType = sourcecode.swift; path = MemesCollectionViewCell.swift; sourceTree = "<group>"; };
		9E97BB411E4B7B6A0030A9F7 /* DetailedMemeViewController.swift */ = {isa = PBXFileReference; fileEncoding = 4; lastKnownFileType = sourcecode.swift; path = DetailedMemeViewController.swift; sourceTree = "<group>"; };
/* End PBXFileReference section */

/* Begin PBXFrameworksBuildPhase section */
		9E1FE9EF1E02DDE3009EE507 /* Frameworks */ = {
			isa = PBXFrameworksBuildPhase;
			buildActionMask = 2147483647;
			files = (
			);
			runOnlyForDeploymentPostprocessing = 0;
		};
/* End PBXFrameworksBuildPhase section */

/* Begin PBXGroup section */
		9E1FE9E91E02DDE3009EE507 = {
			isa = PBXGroup;
			children = (
				9E1FE9F41E02DDE3009EE507 /* MeMe */,
				9E1FE9F31E02DDE3009EE507 /* Products */,
			);
			sourceTree = "<group>";
		};
		9E1FE9F31E02DDE3009EE507 /* Products */ = {
			isa = PBXGroup;
			children = (
				9E1FE9F21E02DDE3009EE507 /* MeMe.app */,
			);
			name = Products;
			sourceTree = "<group>";
		};
		9E1FE9F41E02DDE3009EE507 /* MeMe */ = {
			isa = PBXGroup;
			children = (
				9E97BB3A1E4A242E0030A9F7 /* models */,
				9E97BB391E4A23F90030A9F7 /* controllers */,
				9E97BB401E4B3DE40030A9F7 /* views */,
				9E1FE9F51E02DDE3009EE507 /* AppDelegate.swift */,
				9E1FE9FC1E02DDE3009EE507 /* Assets.xcassets */,
				9E1FE9FE1E02DDE3009EE507 /* LaunchScreen.storyboard */,
				9E1FEA011E02DDE3009EE507 /* Info.plist */,
			);
			path = MeMe;
			sourceTree = "<group>";
		};
		9E97BB391E4A23F90030A9F7 /* controllers */ = {
			isa = PBXGroup;
			children = (
				9E97BB411E4B7B6A0030A9F7 /* DetailedMemeViewController.swift */,
				9E97BB371E4A0F5C0030A9F7 /* MemeCollectionViewController.swift */,
				9E97BB351E4A0F4C0030A9F7 /* MemeListViewController.swift */,
				9E1FE9F71E02DDE3009EE507 /* MemeEditorViewController.swift */,
			);
			name = controllers;
			sourceTree = "<group>";
		};
		9E97BB3A1E4A242E0030A9F7 /* models */ = {
			isa = PBXGroup;
			children = (
				9E1FEA071E0BAE46009EE507 /* MeMe.swift */,
				9E97BB3B1E4A24690030A9F7 /* NavigationViewController.swift */,
			);
			name = models;
			sourceTree = "<group>";
		};
		9E97BB401E4B3DE40030A9F7 /* views */ = {
			isa = PBXGroup;
			children = (
				9E1FE9F91E02DDE3009EE507 /* Main.storyboard */,
				9E97BB3D1E4B217C0030A9F7 /* MemesCollectionViewCell.swift */,
			);
			name = views;
			sourceTree = "<group>";
		};
/* End PBXGroup section */

/* Begin PBXNativeTarget section */
		9E1FE9F11E02DDE3009EE507 /* MeMe */ = {
			isa = PBXNativeTarget;
			buildConfigurationList = 9E1FEA041E02DDE3009EE507 /* Build configuration list for PBXNativeTarget "MeMe" */;
			buildPhases = (
				9E1FE9EE1E02DDE3009EE507 /* Sources */,
				9E1FE9EF1E02DDE3009EE507 /* Frameworks */,
				9E1FE9F01E02DDE3009EE507 /* Resources */,
			);
			buildRules = (
			);
			dependencies = (
			);
			name = MeMe;
			productName = MeMe;
			productReference = 9E1FE9F21E02DDE3009EE507 /* MeMe.app */;
			productType = "com.apple.product-type.application";
		};
/* End PBXNativeTarget section */

/* Begin PBXProject section */
		9E1FE9EA1E02DDE3009EE507 /* Project object */ = {
			isa = PBXProject;
			attributes = {
				LastSwiftUpdateCheck = 0810;
				LastUpgradeCheck = 0810;
				ORGANIZATIONNAME = "Naif Alrashed";
				TargetAttributes = {
					9E1FE9F11E02DDE3009EE507 = {
						CreatedOnToolsVersion = 8.1;
						ProvisioningStyle = Automatic;
					};
				};
			};
			buildConfigurationList = 9E1FE9ED1E02DDE3009EE507 /* Build configuration list for PBXProject "MeMe" */;
			compatibilityVersion = "Xcode 3.2";
			developmentRegion = English;
			hasScannedForEncodings = 0;
			knownRegions = (
				en,
				Base,
			);
			mainGroup = 9E1FE9E91E02DDE3009EE507;
			productRefGroup = 9E1FE9F31E02DDE3009EE507 /* Products */;
			projectDirPath = "";
			projectRoot = "";
			targets = (
				9E1FE9F11E02DDE3009EE507 /* MeMe */,
			);
		};
/* End PBXProject section */

/* Begin PBXResourcesBuildPhase section */
		9E1FE9F01E02DDE3009EE507 /* Resources */ = {
			isa = PBXResourcesBuildPhase;
			buildActionMask = 2147483647;
			files = (
				9E1FEA001E02DDE3009EE507 /* LaunchScreen.storyboard in Resources */,
				9E1FE9FD1E02DDE3009EE507 /* Assets.xcassets in Resources */,
				9E1FE9FB1E02DDE3009EE507 /* Main.storyboard in Resources */,
			);
			runOnlyForDeploymentPostprocessing = 0;
		};
/* End PBXResourcesBuildPhase section */

/* Begin PBXSourcesBuildPhase section */
		9E1FE9EE1E02DDE3009EE507 /* Sources */ = {
			isa = PBXSourcesBuildPhase;
			buildActionMask = 2147483647;
			files = (
				9E97BB3E1E4B217C0030A9F7 /* MemesCollectionViewCell.swift in Sources */,
				9E97BB3C1E4A24690030A9F7 /* NavigationViewController.swift in Sources */,
				9E1FE9F81E02DDE3009EE507 /* MemeEditorViewController.swift in Sources */,
				9E1FEA081E0BAE46009EE507 /* MeMe.swift in Sources */,
				9E97BB421E4B7B6A0030A9F7 /* DetailedMemeViewController.swift in Sources */,
				9E97BB381E4A0F5C0030A9F7 /* MemeCollectionViewController.swift in Sources */,
				9E97BB361E4A0F4C0030A9F7 /* MemeListViewController.swift in Sources */,
				9E1FE9F61E02DDE3009EE507 /* AppDelegate.swift in Sources */,
			);
			runOnlyForDeploymentPostprocessing = 0;
		};
/* End PBXSourcesBuildPhase section */

/* Begin PBXVariantGroup section */
		9E1FE9F91E02DDE3009EE507 /* Main.storyboard */ = {
			isa = PBXVariantGroup;
			children = (
				9E1FE9FA1E02DDE3009EE507 /* Base */,
			);
			name = Main.storyboard;
			sourceTree = "<group>";
		};
		9E1FE9FE1E02DDE3009EE507 /* LaunchScreen.storyboard */ = {
			isa = PBXVariantGroup;
			children = (
				9E1FE9FF1E02DDE3009EE507 /* Base */,
			);
			name = LaunchScreen.storyboard;
			sourceTree = "<group>";
		};
/* End PBXVariantGroup section */

/* Begin XCBuildConfiguration section */
		9E1FEA021E02DDE3009EE507 /* Debug */ = {
			isa = XCBuildConfiguration;
			buildSettings = {
				ALWAYS_SEARCH_USER_PATHS = NO;
				CLANG_ANALYZER_NONNULL = YES;
				CLANG_CXX_LANGUAGE_STANDARD = "gnu++0x";
				CLANG_CXX_LIBRARY = "libc++";
				CLANG_ENABLE_MODULES = YES;
				CLANG_ENABLE_OBJC_ARC = YES;
				CLANG_WARN_BOOL_CONVERSION = YES;
				CLANG_WARN_CONSTANT_CONVERSION = YES;
				CLANG_WARN_DIRECT_OBJC_ISA_USAGE = YES_ERROR;
				CLANG_WARN_DOCUMENTATION_COMMENTS = YES;
				CLANG_WARN_EMPTY_BODY = YES;
				CLANG_WARN_ENUM_CONVERSION = YES;
				CLANG_WARN_INFINITE_RECURSION = YES;
				CLANG_WARN_INT_CONVERSION = YES;
				CLANG_WARN_OBJC_ROOT_CLASS = YES_ERROR;
				CLANG_WARN_SUSPICIOUS_MOVES = YES;
				CLANG_WARN_UNREACHABLE_CODE = YES;
				CLANG_WARN__DUPLICATE_METHOD_MATCH = YES;
				"CODE_SIGN_IDENTITY[sdk=iphoneos*]" = "iPhone Developer";
				COPY_PHASE_STRIP = NO;
				DEBUG_INFORMATION_FORMAT = dwarf;
				ENABLE_STRICT_OBJC_MSGSEND = YES;
				ENABLE_TESTABILITY = YES;
				GCC_C_LANGUAGE_STANDARD = gnu99;
				GCC_DYNAMIC_NO_PIC = NO;
				GCC_NO_COMMON_BLOCKS = YES;
				GCC_OPTIMIZATION_LEVEL = 0;
				GCC_PREPROCESSOR_DEFINITIONS = (
					"DEBUG=1",
					"$(inherited)",
				);
				GCC_WARN_64_TO_32_BIT_CONVERSION = YES;
				GCC_WARN_ABOUT_RETURN_TYPE = YES_ERROR;
				GCC_WARN_UNDECLARED_SELECTOR = YES;
				GCC_WARN_UNINITIALIZED_AUTOS = YES_AGGRESSIVE;
				GCC_WARN_UNUSED_FUNCTION = YES;
				GCC_WARN_UNUSED_VARIABLE = YES;
				IPHONEOS_DEPLOYMENT_TARGET = 10.1;
				MTL_ENABLE_DEBUG_INFO = YES;
				ONLY_ACTIVE_ARCH = YES;
				SDKROOT = iphoneos;
				SWIFT_ACTIVE_COMPILATION_CONDITIONS = DEBUG;
				SWIFT_OPTIMIZATION_LEVEL = "-Onone";
				TARGETED_DEVICE_FAMILY = "1,2";
			};
			name = Debug;
		};
		9E1FEA031E02DDE3009EE507 /* Release */ = {
			isa = XCBuildConfiguration;
			buildSettings = {
				ALWAYS_SEARCH_USER_PATHS = NO;
				CLANG_ANALYZER_NONNULL = YES;
				CLANG_CXX_LANGUAGE_STANDARD = "gnu++0x";
				CLANG_CXX_LIBRARY = "libc++";
				CLANG_ENABLE_MODULES = YES;
				CLANG_ENABLE_OBJC_ARC = YES;
				CLANG_WARN_BOOL_CONVERSION = YES;
				CLANG_WARN_CONSTANT_CONVERSION = YES;
				CLANG_WARN_DIRECT_OBJC_ISA_USAGE = YES_ERROR;
				CLANG_WARN_DOCUMENTATION_COMMENTS = YES;
				CLANG_WARN_EMPTY_BODY = YES;
				CLANG_WARN_ENUM_CONVERSION = YES;
				CLANG_WARN_INFINITE_RECURSION = YES;
				CLANG_WARN_INT_CONVERSION = YES;
				CLANG_WARN_OBJC_ROOT_CLASS = YES_ERROR;
				CLANG_WARN_SUSPICIOUS_MOVES = YES;
				CLANG_WARN_UNREACHABLE_CODE = YES;
				CLANG_WARN__DUPLICATE_METHOD_MATCH = YES;
				"CODE_SIGN_IDENTITY[sdk=iphoneos*]" = "iPhone Developer";
				COPY_PHASE_STRIP = NO;
				DEBUG_INFORMATION_FORMAT = "dwarf-with-dsym";
				ENABLE_NS_ASSERTIONS = NO;
				ENABLE_STRICT_OBJC_MSGSEND = YES;
				GCC_C_LANGUAGE_STANDARD = gnu99;
				GCC_NO_COMMON_BLOCKS = YES;
				GCC_WARN_64_TO_32_BIT_CONVERSION = YES;
				GCC_WARN_ABOUT_RETURN_TYPE = YES_ERROR;
				GCC_WARN_UNDECLARED_SELECTOR = YES;
				GCC_WARN_UNINITIALIZED_AUTOS = YES_AGGRESSIVE;
				GCC_WARN_UNUSED_FUNCTION = YES;
				GCC_WARN_UNUSED_VARIABLE = YES;
				IPHONEOS_DEPLOYMENT_TARGET = 10.1;
				MTL_ENABLE_DEBUG_INFO = NO;
				SDKROOT = iphoneos;
				SWIFT_OPTIMIZATION_LEVEL = "-Owholemodule";
				TARGETED_DEVICE_FAMILY = "1,2";
				VALIDATE_PRODUCT = YES;
			};
			name = Release;
		};
		9E1FEA051E02DDE3009EE507 /* Debug */ = {
			isa = XCBuildConfiguration;
			buildSettings = {
				ASSETCATALOG_COMPILER_APPICON_NAME = AppIcon;
				INFOPLIST_FILE = MeMe/Info.plist;
				LD_RUNPATH_SEARCH_PATHS = "$(inherited) @executable_path/Frameworks";
				PRODUCT_BUNDLE_IDENTIFIER = naif.MeMe;
				PRODUCT_NAME = "$(TARGET_NAME)";
				SWIFT_VERSION = 3.0;
			};
			name = Debug;
		};
		9E1FEA061E02DDE3009EE507 /* Release */ = {
			isa = XCBuildConfiguration;
			buildSettings = {
				ASSETCATALOG_COMPILER_APPICON_NAME = AppIcon;
				INFOPLIST_FILE = MeMe/Info.plist;
				LD_RUNPATH_SEARCH_PATHS = "$(inherited) @executable_path/Frameworks";
				PRODUCT_BUNDLE_IDENTIFIER = naif.MeMe;
				PRODUCT_NAME = "$(TARGET_NAME)";
				SWIFT_VERSION = 3.0;
			};
			name = Release;
		};
/* End XCBuildConfiguration section */

/* Begin XCConfigurationList section */
		9E1FE9ED1E02DDE3009EE507 /* Build configuration list for PBXProject "MeMe" */ = {
			isa = XCConfigurationList;
			buildConfigurations = (
				9E1FEA021E02DDE3009EE507 /* Debug */,
				9E1FEA031E02DDE3009EE507 /* Release */,
			);
			defaultConfigurationIsVisible = 0;
			defaultConfigurationName = Release;
		};
		9E1FEA041E02DDE3009EE507 /* Build configuration list for PBXNativeTarget "MeMe" */ = {
			isa = XCConfigurationList;
			buildConfigurations = (
				9E1FEA051E02DDE3009EE507 /* Debug */,
				9E1FEA061E02DDE3009EE507 /* Release */,
			);
			defaultConfigurationIsVisible = 0;
			defaultConfigurationName = Release;
		};
/* End XCConfigurationList section */
	};
	rootObject = 9E1FE9EA1E02DDE3009EE507 /* Project object */;
}
